
Microsoft Visual Studio Solution File, Format Version 12.00
# Visual Studio 15
VisualStudioVersion = 15.0.28307.902
MinimumVisualStudioVersion = 10.0.40219.1
Project("{9A19103F-16F7-4668-BE54-9A1E7A4F7556}") = "Used_Books", "Used_Books.csproj", "{A0FF5978-C0CF-40E6-A0D2-CC07C3DEB90B}"
EndProject
Global
	GlobalSection(SolutionConfigurationPlatforms) = preSolution
		Debug|Any CPU = Debug|Any CPU
		Release|Any CPU = Release|Any CPU
	EndGlobalSection
	GlobalSection(ProjectConfigurationPlatforms) = postSolution
		{A0FF5978-C0CF-40E6-A0D2-CC07C3DEB90B}.Debug|Any CPU.ActiveCfg = Debug|Any CPU
		{A0FF5978-C0CF-40E6-A0D2-CC07C3DEB90B}.Debug|Any CPU.Build.0 = Debug|Any CPU
		{A0FF5978-C0CF-40E6-A0D2-CC07C3DEB90B}.Release|Any CPU.ActiveCfg = Release|Any CPU
		{A0FF5978-C0CF-40E6-A0D2-CC07C3DEB90B}.Release|Any CPU.Build.0 = Release|Any CPU
	EndGlobalSection
	GlobalSection(SolutionProperties) = preSolution
		HideSolutionNode = FALSE
	EndGlobalSection
	GlobalSection(ExtensibilityGlobals) = postSolution
		SolutionGuid = {9887C474-0DC4-49B9-98C6-EBAD28A773C8}
	EndGlobalSection
EndGlobal
